{
  "object": {
    "pins": [
      {
        "package": "CollectionTools",
        "repositoryURL": "https://github.com/RougeWare/Swift-Collection-Tools.git",
        "state": {
          "branch": null,
          "revision": "9e7a9f2fa00cbc8c9abe6e1af507a9c967936364",
          "version": "3.0.0"
        }
      },
      {
        "package": "FunctionTools",
        "repositoryURL": "https://github.com/RougeWare/Swift-Function-Tools",
        "state": {
          "branch": null,
          "revision": "0bd76ca2c00120acf7ff840b5dcc1e700870ae22",
          "version": "1.2.3"
        }
      },
      {
        "package": "PropertyWrapperProtocol",
        "repositoryURL": "https://github.com/RougeWare/Swift-PropertyWrapper-Protocol.git",
        "state": {
          "branch": null,
          "revision": "f81b486ef9f40c2d678a0b0b56d7ae43daf522cc",
          "version": "2.0.0"
        }
      },
      {
        "package": "RangeTools",
        "repositoryURL": "https://github.com/RougeWare/Swift-Range-Tools.git",
        "state": {
          "branch": null,
          "revision": "8efcac712d0bd765ac903cb9fd27cc49b6b4ce58",
          "version": "1.2.1"
        }
      },
      {
        "package": "SimpleLogging",
        "repositoryURL": "https://github.com/RougeWare/Swift-Simple-Logging.git",
        "state": {
          "branch": null,
          "revision": "ac1c85ab2d633db51b6fb00606139310a152a65b",
          "version": "0.4.4"
        }
      },
      {
        "package": "SwiftyUserDefaults",
        "repositoryURL": "https://github.com/sunshinejr/SwiftyUserDefaults.git",
        "state": {
          "branch": null,
          "revision": "f66bcd04088582c8fbb5cb8554d577e303bae396",
          "version": "5.3.0"
        }
      }
    ]
  },
  "version": 1
}
